
Microsoft Visual Studio Solution File, Format Version 12.00
# Visual Studio Version 16
VisualStudioVersion = 16.0.29806.167
MinimumVisualStudioVersion = 10.0.40219.1
Project("{9A19103F-16F7-4668-BE54-9A1E7A4F7556}") = "ItemPriceCharts.UI.WPF", "ItemPriceCharts\ItemPriceCharts.UI.WPF.csproj", "{90E87BCD-9AF5-4EDC-B688-9D36F9C799C2}"
EndProject
Project("{9A19103F-16F7-4668-BE54-9A1E7A4F7556}") = "ItemPriceCharts.Services", "Services\ItemPriceCharts.Services.csproj", "{D90B2203-BE61-45C0-AF25-849EB86C4C76}"
EndProject
Project("{2150E333-8FDC-42A3-9474-1A3956D46DE8}") = "01. Client", "01. Client", "{7526B487-A84A-46FB-BCAC-971636545452}"
EndProject
Project("{2150E333-8FDC-42A3-9474-1A3956D46DE8}") = "02. Test", "02. Test", "{B3C0A68E-657E-4360-9EF2-786C38C76959}"
EndProject
Project("{FAE04EC0-301F-11D3-BF4B-00C04F79EFBC}") = "ItemPriceCharts.UI.WPF.Test", "Tests\ItemPriceCharts.UI.WPF.Test\ItemPriceCharts.UI.WPF.Test.csproj", "{24D6BFA9-64F1-4C5E-A882-42990DDA94A1}"
EndProject
Global
	GlobalSection(SolutionConfigurationPlatforms) = preSolution
		Debug|Any CPU = Debug|Any CPU
		Debug|x64 = Debug|x64
		Release|Any CPU = Release|Any CPU
		Release|x64 = Release|x64
	EndGlobalSection
	GlobalSection(ProjectConfigurationPlatforms) = postSolution
		{90E87BCD-9AF5-4EDC-B688-9D36F9C799C2}.Debug|Any CPU.ActiveCfg = Debug|x64
		{90E87BCD-9AF5-4EDC-B688-9D36F9C799C2}.Debug|Any CPU.Build.0 = Debug|x64
		{90E87BCD-9AF5-4EDC-B688-9D36F9C799C2}.Debug|x64.ActiveCfg = Debug|Any CPU
		{90E87BCD-9AF5-4EDC-B688-9D36F9C799C2}.Debug|x64.Build.0 = Debug|Any CPU
		{90E87BCD-9AF5-4EDC-B688-9D36F9C799C2}.Release|Any CPU.ActiveCfg = Release|Any CPU
		{90E87BCD-9AF5-4EDC-B688-9D36F9C799C2}.Release|Any CPU.Build.0 = Release|Any CPU
		{90E87BCD-9AF5-4EDC-B688-9D36F9C799C2}.Release|x64.ActiveCfg = Release|Any CPU
		{90E87BCD-9AF5-4EDC-B688-9D36F9C799C2}.Release|x64.Build.0 = Release|Any CPU
		{D90B2203-BE61-45C0-AF25-849EB86C4C76}.Debug|Any CPU.ActiveCfg = Debug|x64
		{D90B2203-BE61-45C0-AF25-849EB86C4C76}.Debug|Any CPU.Build.0 = Debug|x64
		{D90B2203-BE61-45C0-AF25-849EB86C4C76}.Debug|x64.ActiveCfg = Debug|Any CPU
		{D90B2203-BE61-45C0-AF25-849EB86C4C76}.Debug|x64.Build.0 = Debug|Any CPU
		{D90B2203-BE61-45C0-AF25-849EB86C4C76}.Release|Any CPU.ActiveCfg = Release|Any CPU
		{D90B2203-BE61-45C0-AF25-849EB86C4C76}.Release|Any CPU.Build.0 = Release|Any CPU
		{D90B2203-BE61-45C0-AF25-849EB86C4C76}.Release|x64.ActiveCfg = Release|x64
		{D90B2203-BE61-45C0-AF25-849EB86C4C76}.Release|x64.Build.0 = Release|x64
		{24D6BFA9-64F1-4C5E-A882-42990DDA94A1}.Debug|Any CPU.ActiveCfg = Debug|Any CPU
		{24D6BFA9-64F1-4C5E-A882-42990DDA94A1}.Debug|Any CPU.Build.0 = Debug|Any CPU
		{24D6BFA9-64F1-4C5E-A882-42990DDA94A1}.Debug|x64.ActiveCfg = Debug|Any CPU
		{24D6BFA9-64F1-4C5E-A882-42990DDA94A1}.Debug|x64.Build.0 = Debug|Any CPU
		{24D6BFA9-64F1-4C5E-A882-42990DDA94A1}.Release|Any CPU.ActiveCfg = Release|Any CPU
		{24D6BFA9-64F1-4C5E-A882-42990DDA94A1}.Release|Any CPU.Build.0 = Release|Any CPU
		{24D6BFA9-64F1-4C5E-A882-42990DDA94A1}.Release|x64.ActiveCfg = Release|Any CPU
		{24D6BFA9-64F1-4C5E-A882-42990DDA94A1}.Release|x64.Build.0 = Release|Any CPU
	EndGlobalSection
	GlobalSection(SolutionProperties) = preSolution
		HideSolutionNode = FALSE
	EndGlobalSection
	GlobalSection(NestedProjects) = preSolution
		{90E87BCD-9AF5-4EDC-B688-9D36F9C799C2} = {7526B487-A84A-46FB-BCAC-971636545452}
		{D90B2203-BE61-45C0-AF25-849EB86C4C76} = {7526B487-A84A-46FB-BCAC-971636545452}
		{24D6BFA9-64F1-4C5E-A882-42990DDA94A1} = {B3C0A68E-657E-4360-9EF2-786C38C76959}
	EndGlobalSection
	GlobalSection(ExtensibilityGlobals) = postSolution
		SolutionGuid = {EB15BF18-8258-43D6-991E-4034EC9DCC0B}
	EndGlobalSection
EndGlobal
